schema: '2.0'
stages:
  data_reader:
    cmd: python ml_dev/data_reader.py
    deps:
    - path: ml_dev/data_reader.py
      hash: md5
      md5: fdeeb4ec1b5be9129fc3e3e99e078f12
      size: 1734
    outs:
    - path: data/processed/test_df.csv
      hash: md5
      md5: c77738b2db64158f0e4bc221bfb51dfc
      size: 18841
    - path: data/processed/train_df.csv
      hash: md5
      md5: f1da28f0b7701d3dd78065a1abc9e404
      size: 105733
  preprocessing:
    cmd: python ml_dev/preprocessing.py
    deps:
    - path: data/processed/test_df.csv
      hash: md5
      md5: c77738b2db64158f0e4bc221bfb51dfc
      size: 18841
    - path: data/processed/train_df.csv
      hash: md5
      md5: f1da28f0b7701d3dd78065a1abc9e404
      size: 105733
    - path: ml_dev/preprocessing.py
      hash: md5
      md5: 5819756c0942e8a78b5e284cef9794a1
      size: 3385
    outs:
    - path: data/processed/pre_test_df.csv
      hash: md5
      md5: 8c630845a4e2f24092c3a35e31fa07c5
      size: 25280
    - path: data/processed/pre_train_df.csv
      hash: md5
      md5: db6cd4a2ea25befc07e3eb32036202a8
      size: 141716
  feature_selection:
    cmd: python ml_dev/feature_selection.py
    deps:
    - path: data/processed/pre_train_df.csv
      hash: md5
      md5: db6cd4a2ea25befc07e3eb32036202a8
      size: 141716
    - path: ml_dev/feature_selection.py
      hash: md5
      md5: 59bce822ab271ed5fe54ef1cd3c28ab4
      size: 1406
    outs:
    - path: bin/best_features.pkl
      hash: md5
      md5: bf2aaa0276f425e8f5c1c94ff47a7a28
      size: 162
  train:
    cmd: python ml_dev/train.py
    deps:
    - path: bin/best_features.pkl
      hash: md5
      md5: bf2aaa0276f425e8f5c1c94ff47a7a28
      size: 162
    - path: data/processed/pre_test_df.csv
      hash: md5
      md5: 8c630845a4e2f24092c3a35e31fa07c5
      size: 25280
    - path: data/processed/pre_train_df.csv
      hash: md5
      md5: db6cd4a2ea25befc07e3eb32036202a8
      size: 141716
    - path: ml_dev/train.py
      hash: md5
      md5: b0c748708cee072601f26a089a0edbe4
      size: 3335
    outs:
    - path: bin/hyperparams.pkl
      hash: md5
      md5: c9cc08c2591283b4f850f83012e64b0e
      size: 212
    - path: bin/model.pkl
      hash: md5
      md5: de0b7fd7a129b62d1c561bb1846104af
      size: 1781622
  evaluate:
    cmd: python ml_dev/evaluate.py
    deps:
    - path: bin/best_features.pkl
      hash: md5
      md5: bf2aaa0276f425e8f5c1c94ff47a7a28
      size: 162
    - path: bin/model.pkl
      hash: md5
      md5: de0b7fd7a129b62d1c561bb1846104af
      size: 1781622
    - path: data/processed/pre_test_df.csv
      hash: md5
      md5: 8c630845a4e2f24092c3a35e31fa07c5
      size: 25280
    - path: ml_dev/evaluate.py
      hash: md5
      md5: 6651d76bfada9b853762c76942a57bf8
      size: 2014
    outs:
    - path: eval/confusion_matrix.png
      hash: md5
      md5: 8aa48d1bb3c7795ca1096546d51d1c3e
      size: 26542
    - path: eval/live/metrics.yaml
      hash: md5
      md5: c6c4a028e566eb14a26d415340bc4089
      size: 65
